Microsoft Visual Studio Solution File, Format Version 12.00
# Visual Studio Version 17
VisualStudioVersion = 17.5.2.0
MinimumVisualStudioVersion = 10.0.40219.1
Project("{FAE04EC0-301F-11D3-BF4B-00C04F79EFBC}") = "Core.Domain", "Core\DynamicConsistentyBoundary.Core.csproj", "{8C80EE39-3523-0AA7-79FF-00F5BEFF24A6}"
EndProject
Project("{FAE04EC0-301F-11D3-BF4B-00C04F79EFBC}") = "Tests", "Tests\Tests.csproj", "{9CF47860-2CEA-F379-09D8-9AEF27965D12}"
EndProject
Project("{FAE04EC0-301F-11D3-BF4B-00C04F79EFBC}") = "DynamicConsistencyBoundary.Infrastructure", "Infrastructure\DynamicConsistencyBoundary.Infrastructure.csproj", "{FF889F5A-1D86-43AA-9B50-BFA0F39B05A1}"
EndProject
Global
	GlobalSection(SolutionConfigurationPlatforms) = preSolution
		Debug|Any CPU = Debug|Any CPU
		Release|Any CPU = Release|Any CPU
	EndGlobalSection
	GlobalSection(ProjectConfigurationPlatforms) = postSolution
		{8C80EE39-3523-0AA7-79FF-00F5BEFF24A6}.Debug|Any CPU.ActiveCfg = Debug|Any CPU
		{8C80EE39-3523-0AA7-79FF-00F5BEFF24A6}.Debug|Any CPU.Build.0 = Debug|Any CPU
		{8C80EE39-3523-0AA7-79FF-00F5BEFF24A6}.Release|Any CPU.ActiveCfg = Release|Any CPU
		{8C80EE39-3523-0AA7-79FF-00F5BEFF24A6}.Release|Any CPU.Build.0 = Release|Any CPU
		{9CF47860-2CEA-F379-09D8-9AEF27965D12}.Debug|Any CPU.ActiveCfg = Debug|Any CPU
		{9CF47860-2CEA-F379-09D8-9AEF27965D12}.Debug|Any CPU.Build.0 = Debug|Any CPU
		{9CF47860-2CEA-F379-09D8-9AEF27965D12}.Release|Any CPU.ActiveCfg = Release|Any CPU
		{9CF47860-2CEA-F379-09D8-9AEF27965D12}.Release|Any CPU.Build.0 = Release|Any CPU
		{FF889F5A-1D86-43AA-9B50-BFA0F39B05A1}.Debug|Any CPU.ActiveCfg = Debug|Any CPU
		{FF889F5A-1D86-43AA-9B50-BFA0F39B05A1}.Debug|Any CPU.Build.0 = Debug|Any CPU
		{FF889F5A-1D86-43AA-9B50-BFA0F39B05A1}.Release|Any CPU.ActiveCfg = Release|Any CPU
		{FF889F5A-1D86-43AA-9B50-BFA0F39B05A1}.Release|Any CPU.Build.0 = Release|Any CPU
	EndGlobalSection
	GlobalSection(SolutionProperties) = preSolution
		HideSolutionNode = FALSE
	EndGlobalSection
	GlobalSection(ExtensibilityGlobals) = postSolution
		SolutionGuid = {3DF62E44-BCAA-46F1-9D32-52854D13707E}
	EndGlobalSection
EndGlobal
